
Microsoft Visual Studio Solution File, Format Version 12.00
# Visual Studio Version 17
VisualStudioVersion = 17.9.34723.18
MinimumVisualStudioVersion = 10.0.40219.1
Project("{9A19103F-16F7-4668-BE54-9A1E7A4F7556}") = "Bulky", "Bulky\Bulky.csproj", "{B8F41BE4-968B-4898-B634-9B98D03198E7}"
EndProject
Project("{9A19103F-16F7-4668-BE54-9A1E7A4F7556}") = "Datas", "Datas\Datas.csproj", "{1FF4C457-8176-44E6-ADBB-B9806652E0F9}"
EndProject
Project("{9A19103F-16F7-4668-BE54-9A1E7A4F7556}") = "Models", "Models\Models.csproj", "{5B2C11F0-E028-4EB7-BDCC-A5468195B00C}"
EndProject
Project("{9A19103F-16F7-4668-BE54-9A1E7A4F7556}") = "Utility", "Library\Utility.csproj", "{8AED94FB-0D40-46EC-84C8-1CBFF4B6FD30}"
EndProject
Global
	GlobalSection(SolutionConfigurationPlatforms) = preSolution
		Debug|Any CPU = Debug|Any CPU
		Release|Any CPU = Release|Any CPU
	EndGlobalSection
	GlobalSection(ProjectConfigurationPlatforms) = postSolution
		{B8F41BE4-968B-4898-B634-9B98D03198E7}.Debug|Any CPU.ActiveCfg = Debug|Any CPU
		{B8F41BE4-968B-4898-B634-9B98D03198E7}.Debug|Any CPU.Build.0 = Debug|Any CPU
		{B8F41BE4-968B-4898-B634-9B98D03198E7}.Release|Any CPU.ActiveCfg = Release|Any CPU
		{B8F41BE4-968B-4898-B634-9B98D03198E7}.Release|Any CPU.Build.0 = Release|Any CPU
		{1FF4C457-8176-44E6-ADBB-B9806652E0F9}.Debug|Any CPU.ActiveCfg = Debug|Any CPU
		{1FF4C457-8176-44E6-ADBB-B9806652E0F9}.Debug|Any CPU.Build.0 = Debug|Any CPU
		{1FF4C457-8176-44E6-ADBB-B9806652E0F9}.Release|Any CPU.ActiveCfg = Release|Any CPU
		{1FF4C457-8176-44E6-ADBB-B9806652E0F9}.Release|Any CPU.Build.0 = Release|Any CPU
		{5B2C11F0-E028-4EB7-BDCC-A5468195B00C}.Debug|Any CPU.ActiveCfg = Debug|Any CPU
		{5B2C11F0-E028-4EB7-BDCC-A5468195B00C}.Debug|Any CPU.Build.0 = Debug|Any CPU
		{5B2C11F0-E028-4EB7-BDCC-A5468195B00C}.Release|Any CPU.ActiveCfg = Release|Any CPU
		{5B2C11F0-E028-4EB7-BDCC-A5468195B00C}.Release|Any CPU.Build.0 = Release|Any CPU
		{8AED94FB-0D40-46EC-84C8-1CBFF4B6FD30}.Debug|Any CPU.ActiveCfg = Debug|Any CPU
		{8AED94FB-0D40-46EC-84C8-1CBFF4B6FD30}.Debug|Any CPU.Build.0 = Debug|Any CPU
		{8AED94FB-0D40-46EC-84C8-1CBFF4B6FD30}.Release|Any CPU.ActiveCfg = Release|Any CPU
		{8AED94FB-0D40-46EC-84C8-1CBFF4B6FD30}.Release|Any CPU.Build.0 = Release|Any CPU
	EndGlobalSection
	GlobalSection(SolutionProperties) = preSolution
		HideSolutionNode = FALSE
	EndGlobalSection
	GlobalSection(ExtensibilityGlobals) = postSolution
		SolutionGuid = {D3A7E31B-7413-4004-ABA0-4187E214A5CE}
	EndGlobalSection
EndGlobal
